
Microsoft Visual Studio Solution File, Format Version 12.00
# Visual Studio Version 16
VisualStudioVersion = 16.0.31410.357
MinimumVisualStudioVersion = 10.0.40219.1
Project("{FAE04EC0-301F-11D3-BF4B-00C04F79EFBC}") = "Unblock_Me", "Unblock_Me\Unblock_Me.csproj", "{0B221544-2112-463E-91BD-86A029BF8E95}"
EndProject
Global
	GlobalSection(SolutionConfigurationPlatforms) = preSolution
		Debug|Any CPU = Debug|Any CPU
		Release|Any CPU = Release|Any CPU
	EndGlobalSection
	GlobalSection(ProjectConfigurationPlatforms) = postSolution
		{0B221544-2112-463E-91BD-86A029BF8E95}.Debug|Any CPU.ActiveCfg = Debug|Any CPU
		{0B221544-2112-463E-91BD-86A029BF8E95}.Debug|Any CPU.Build.0 = Debug|Any CPU
		{0B221544-2112-463E-91BD-86A029BF8E95}.Release|Any CPU.ActiveCfg = Release|Any CPU
		{0B221544-2112-463E-91BD-86A029BF8E95}.Release|Any CPU.Build.0 = Release|Any CPU
	EndGlobalSection
	GlobalSection(SolutionProperties) = preSolution
		HideSolutionNode = FALSE
	EndGlobalSection
	GlobalSection(ExtensibilityGlobals) = postSolution
		SolutionGuid = {A3EC9B7E-E5C5-464D-8CFF-3DB7DF112EE7}
	EndGlobalSection
EndGlobal
